{
  "version": "3",
  "packages": {
    "specifiers": {
      "jsr:@std/assert@^1.0.0-rc.3": "jsr:@std/assert@1.0.0-rc.3",
      "jsr:@std/fs@^1.0.0-rc.3": "jsr:@std/fs@1.0.0-rc.3",
      "jsr:@std/internal@^1.0.1": "jsr:@std/internal@1.0.1",
      "jsr:@std/path@1.0.0-rc.3": "jsr:@std/path@1.0.0-rc.3",
      "jsr:@std/path@^1.0.0-rc.3": "jsr:@std/path@1.0.0-rc.3"
    },
    "jsr": {
      "@std/assert@1.0.0-rc.3": {
        "integrity": "27fb4b1da846ea3f7f0504f9b2acf7c83a763387a88c497e94a62ca168c9a24e",
        "dependencies": [
          "jsr:@std/internal@^1.0.1"
        ]
      },
      "@std/fs@1.0.0-rc.3": {
        "integrity": "50a0a4366e7e2bd444ed0831757e3d9dd39b1d24612764bbb9ac7725169903f4",
        "dependencies": [
          "jsr:@std/path@1.0.0-rc.3"
        ]
      },
      "@std/internal@1.0.1": {
        "integrity": "6f8c7544d06a11dd256c8d6ba54b11ed870aac6c5aeafff499892662c57673e6"
      },
      "@std/path@1.0.0-rc.3": {
        "integrity": "672b8f88b3b58b6e932052ae412f40fc063940fcdb228d12f80353bc6aff38c1"
      }
    }
  },
  "remote": {},
  "workspace": {
    "dependencies": [
      "jsr:@std/assert@^1.0.0-rc.3",
      "jsr:@std/fs@^1.0.0-rc.3",
      "jsr:@std/path@^1.0.0-rc.3",
      "jsr:@std/url@^1.0.0-rc.2"
    ],
    "members": {
      "@jollytoad/store": {},
      "@jollytoad/store-common": {},
      "@jollytoad/store-deno-fs": {},
      "@jollytoad/store-deno-kv": {},
      "@jollytoad/store-deno-kv-fs": {},
      "@jollytoad/store-web-storage": {}
    }
  }
}
